
Microsoft Visual Studio Solution File, Format Version 12.00
# Visual Studio Version 17
VisualStudioVersion = 17.5.33627.172
MinimumVisualStudioVersion = 10.0.40219.1
Project("{FAE04EC0-301F-11D3-BF4B-00C04F79EFBC}") = "Aplicatie Biblioteca", "Aplicatie Biblioteca\Aplicatie Biblioteca.csproj", "{CE5ABE69-B8EC-4640-85DC-D6B9074727BD}"
EndProject
Global
	GlobalSection(SolutionConfigurationPlatforms) = preSolution
		Debug|Any CPU = Debug|Any CPU
		Release|Any CPU = Release|Any CPU
	EndGlobalSection
	GlobalSection(ProjectConfigurationPlatforms) = postSolution
		{CE5ABE69-B8EC-4640-85DC-D6B9074727BD}.Debug|Any CPU.ActiveCfg = Debug|Any CPU
		{CE5ABE69-B8EC-4640-85DC-D6B9074727BD}.Debug|Any CPU.Build.0 = Debug|Any CPU
		{CE5ABE69-B8EC-4640-85DC-D6B9074727BD}.Release|Any CPU.ActiveCfg = Release|Any CPU
		{CE5ABE69-B8EC-4640-85DC-D6B9074727BD}.Release|Any CPU.Build.0 = Release|Any CPU
	EndGlobalSection
	GlobalSection(SolutionProperties) = preSolution
		HideSolutionNode = FALSE
	EndGlobalSection
	GlobalSection(ExtensibilityGlobals) = postSolution
		SolutionGuid = {53A21DEB-5BE8-44E4-B1FA-9DD84DF54551}
	EndGlobalSection
EndGlobal
