
Microsoft Visual Studio Solution File, Format Version 12.00
# Visual Studio Version 17
VisualStudioVersion = 17.5.33530.505
MinimumVisualStudioVersion = 10.0.40219.1
Project("{FAE04EC0-301F-11D3-BF4B-00C04F79EFBC}") = "Ergonomic close", "Ergonomic close\Ergonomic close.csproj", "{F32D6462-F820-4BBF-9536-7BC25A7D3958}"
EndProject
Global
	GlobalSection(SolutionConfigurationPlatforms) = preSolution
		Debug|Any CPU = Debug|Any CPU
		Release|Any CPU = Release|Any CPU
	EndGlobalSection
	GlobalSection(ProjectConfigurationPlatforms) = postSolution
		{F32D6462-F820-4BBF-9536-7BC25A7D3958}.Debug|Any CPU.ActiveCfg = Debug|Any CPU
		{F32D6462-F820-4BBF-9536-7BC25A7D3958}.Debug|Any CPU.Build.0 = Debug|Any CPU
		{F32D6462-F820-4BBF-9536-7BC25A7D3958}.Release|Any CPU.ActiveCfg = Release|Any CPU
		{F32D6462-F820-4BBF-9536-7BC25A7D3958}.Release|Any CPU.Build.0 = Release|Any CPU
	EndGlobalSection
	GlobalSection(SolutionProperties) = preSolution
		HideSolutionNode = FALSE
	EndGlobalSection
	GlobalSection(ExtensibilityGlobals) = postSolution
		SolutionGuid = {7206FE3D-D485-4757-94A2-FBC18660C77B}
	EndGlobalSection
EndGlobal
