
Microsoft Visual Studio Solution File, Format Version 12.00
# Visual Studio Version 17
VisualStudioVersion = 17.5.33627.172
MinimumVisualStudioVersion = 10.0.40219.1
Project("{FAE04EC0-301F-11D3-BF4B-00C04F79EFBC}") = "Trexx", "Trexx\Trexx.csproj", "{20B817C0-B069-4299-B28D-4C5A00C2A4BF}"
EndProject
Global
	GlobalSection(SolutionConfigurationPlatforms) = preSolution
		Debug|Any CPU = Debug|Any CPU
		Release|Any CPU = Release|Any CPU
	EndGlobalSection
	GlobalSection(ProjectConfigurationPlatforms) = postSolution
		{20B817C0-B069-4299-B28D-4C5A00C2A4BF}.Debug|Any CPU.ActiveCfg = Debug|Any CPU
		{20B817C0-B069-4299-B28D-4C5A00C2A4BF}.Debug|Any CPU.Build.0 = Debug|Any CPU
		{20B817C0-B069-4299-B28D-4C5A00C2A4BF}.Release|Any CPU.ActiveCfg = Release|Any CPU
		{20B817C0-B069-4299-B28D-4C5A00C2A4BF}.Release|Any CPU.Build.0 = Release|Any CPU
	EndGlobalSection
	GlobalSection(SolutionProperties) = preSolution
		HideSolutionNode = FALSE
	EndGlobalSection
	GlobalSection(ExtensibilityGlobals) = postSolution
		SolutionGuid = {26A526A6-F116-4AA3-AB65-31FC6AFB5CCF}
	EndGlobalSection
EndGlobal
