
Microsoft Visual Studio Solution File, Format Version 12.00
# Visual Studio Version 17
VisualStudioVersion = 17.5.33627.172
MinimumVisualStudioVersion = 10.0.40219.1
Project("{FAE04EC0-301F-11D3-BF4B-00C04F79EFBC}") = "SpeechSynthetizer", "SpeechSynthetizer\SpeechSynthetizer.csproj", "{2DA392B6-1ECC-4930-8261-A165566EF06A}"
EndProject
Global
	GlobalSection(SolutionConfigurationPlatforms) = preSolution
		Debug|Any CPU = Debug|Any CPU
		Release|Any CPU = Release|Any CPU
	EndGlobalSection
	GlobalSection(ProjectConfigurationPlatforms) = postSolution
		{2DA392B6-1ECC-4930-8261-A165566EF06A}.Debug|Any CPU.ActiveCfg = Debug|Any CPU
		{2DA392B6-1ECC-4930-8261-A165566EF06A}.Debug|Any CPU.Build.0 = Debug|Any CPU
		{2DA392B6-1ECC-4930-8261-A165566EF06A}.Release|Any CPU.ActiveCfg = Release|Any CPU
		{2DA392B6-1ECC-4930-8261-A165566EF06A}.Release|Any CPU.Build.0 = Release|Any CPU
	EndGlobalSection
	GlobalSection(SolutionProperties) = preSolution
		HideSolutionNode = FALSE
	EndGlobalSection
	GlobalSection(ExtensibilityGlobals) = postSolution
		SolutionGuid = {F5BF4BDF-9A64-44DE-840D-A1913F3AEF4D}
	EndGlobalSection
EndGlobal
