
Microsoft Visual Studio Solution File, Format Version 12.00
# Visual Studio Version 17
VisualStudioVersion = 17.5.33627.172
MinimumVisualStudioVersion = 10.0.40219.1
Project("{FAE04EC0-301F-11D3-BF4B-00C04F79EFBC}") = "Save the eggs", "Save the eggs\Save the eggs.csproj", "{4090C8C2-8064-40CB-B65B-D505F9130239}"
EndProject
Global
	GlobalSection(SolutionConfigurationPlatforms) = preSolution
		Debug|Any CPU = Debug|Any CPU
		Release|Any CPU = Release|Any CPU
	EndGlobalSection
	GlobalSection(ProjectConfigurationPlatforms) = postSolution
		{4090C8C2-8064-40CB-B65B-D505F9130239}.Debug|Any CPU.ActiveCfg = Debug|Any CPU
		{4090C8C2-8064-40CB-B65B-D505F9130239}.Debug|Any CPU.Build.0 = Debug|Any CPU
		{4090C8C2-8064-40CB-B65B-D505F9130239}.Release|Any CPU.ActiveCfg = Release|Any CPU
		{4090C8C2-8064-40CB-B65B-D505F9130239}.Release|Any CPU.Build.0 = Release|Any CPU
	EndGlobalSection
	GlobalSection(SolutionProperties) = preSolution
		HideSolutionNode = FALSE
	EndGlobalSection
	GlobalSection(ExtensibilityGlobals) = postSolution
		SolutionGuid = {DAF11E94-9870-4175-9B0C-C3BD3D60A116}
	EndGlobalSection
EndGlobal
