
Microsoft Visual Studio Solution File, Format Version 12.00
# Visual Studio Version 17
VisualStudioVersion = 17.5.33627.172
MinimumVisualStudioVersion = 10.0.40219.1
Project("{FAE04EC0-301F-11D3-BF4B-00C04F79EFBC}") = "Test Month Calendar", "Test Month Calendar\Test Month Calendar.csproj", "{64F991E8-CE6F-4470-A26F-0E5112C4AA21}"
EndProject
Global
	GlobalSection(SolutionConfigurationPlatforms) = preSolution
		Debug|Any CPU = Debug|Any CPU
		Release|Any CPU = Release|Any CPU
	EndGlobalSection
	GlobalSection(ProjectConfigurationPlatforms) = postSolution
		{64F991E8-CE6F-4470-A26F-0E5112C4AA21}.Debug|Any CPU.ActiveCfg = Debug|Any CPU
		{64F991E8-CE6F-4470-A26F-0E5112C4AA21}.Debug|Any CPU.Build.0 = Debug|Any CPU
		{64F991E8-CE6F-4470-A26F-0E5112C4AA21}.Release|Any CPU.ActiveCfg = Release|Any CPU
		{64F991E8-CE6F-4470-A26F-0E5112C4AA21}.Release|Any CPU.Build.0 = Release|Any CPU
	EndGlobalSection
	GlobalSection(SolutionProperties) = preSolution
		HideSolutionNode = FALSE
	EndGlobalSection
	GlobalSection(ExtensibilityGlobals) = postSolution
		SolutionGuid = {901F7740-2C50-40CB-BD0C-F5701B252CB3}
	EndGlobalSection
EndGlobal
